{
  "version": 4,
  "terraform_version": "1.14.4",
  "serial": 46,
  "lineage": "5687635c-40c1-1bcb-af4d-f5579f704149",
  "outputs": {
    "master_public_ip": {
      "value": "184.72.187.11",
      "type": "string"
    },
    "ssh_master": {
      "value": "ssh -i ./devops-key.pem ubuntu@184.72.187.11",
      "type": "string"
    },
    "ssh_worker": {
      "value": "ssh -i ./devops-key.pem ubuntu@13.217.224.110",
      "type": "string"
    },
    "worker_public_ip": {
      "value": "13.217.224.110",
      "type": "string"
    }
  },
  "resources": [
    {
      "mode": "managed",
      "type": "aws_instance",
      "name": "k8s_master",
      "provider": "provider[\"registry.terraform.io/hashicorp/aws\"]",
      "instances": [
        {
          "schema_version": 1,
          "attributes": {
            "ami": "ami-0c7217cdde317cfec",
            "arn": "arn:aws:ec2:us-east-1:115283375912:instance/i-051a8c2e685e7fac6",
            "associate_public_ip_address": true,
            "availability_zone": "us-east-1a",
            "capacity_reservation_specification": [
              {
                "capacity_reservation_preference": "open",
                "capacity_reservation_target": []
              }
            ],
            "cpu_core_count": 1,
            "cpu_options": [
              {
                "amd_sev_snp": "",
                "core_count": 1,
                "threads_per_core": 2
              }
            ],
            "cpu_threads_per_core": 2,
            "credit_specification": [],
            "disable_api_stop": false,
            "disable_api_termination": false,
            "ebs_block_device": [],
            "ebs_optimized": false,
            "enable_primary_ipv6": null,
            "enclave_options": [
              {
                "enabled": false
              }
            ],
            "ephemeral_block_device": [],
            "get_password_data": false,
            "hibernation": false,
            "host_id": "",
            "host_resource_group_arn": null,
            "iam_instance_profile": "",
            "id": "i-051a8c2e685e7fac6",
            "instance_initiated_shutdown_behavior": "stop",
            "instance_lifecycle": "",
            "instance_market_options": [],
            "instance_state": "running",
            "instance_type": "c7i-flex.large",
            "ipv6_address_count": 0,
            "ipv6_addresses": [],
            "key_name": "devops-key",
            "launch_template": [],
            "maintenance_options": [
              {
                "auto_recovery": "default"
              }
            ],
            "metadata_options": [
              {
                "http_endpoint": "enabled",
                "http_protocol_ipv6": "disabled",
                "http_put_response_hop_limit": 1,
                "http_tokens": "optional",
                "instance_metadata_tags": "disabled"
              }
            ],
            "monitoring": false,
            "network_interface": [],
            "outpost_arn": "",
            "password_data": "",
            "placement_group": "",
            "placement_partition_number": 0,
            "primary_network_interface_id": "eni-0b9d176f7c4ea8406",
            "private_dns": "ip-10-0-1-185.ec2.internal",
            "private_dns_name_options": [
              {
                "enable_resource_name_dns_a_record": false,
                "enable_resource_name_dns_aaaa_record": false,
                "hostname_type": "ip-name"
              }
            ],
            "private_ip": "10.0.1.185",
            "public_dns": "ec2-184-72-187-11.compute-1.amazonaws.com",
            "public_ip": "184.72.187.11",
            "root_block_device": [
              {
                "delete_on_termination": true,
                "device_name": "/dev/sda1",
                "encrypted": false,
                "iops": 100,
                "kms_key_id": "",
                "tags": null,
                "tags_all": {},
                "throughput": 0,
                "volume_id": "vol-07e34358769b129e8",
                "volume_size": 20,
                "volume_type": "gp2"
              }
            ],
            "secondary_private_ips": [],
            "security_groups": [],
            "source_dest_check": true,
            "spot_instance_request_id": "",
            "subnet_id": "subnet-07dd2316f56a5c053",
            "tags": {
              "Name": "k8s-master",
              "Role": "master"
            },
            "tags_all": {
              "Name": "k8s-master",
              "Role": "master"
            },
            "tenancy": "default",
            "timeouts": null,
            "user_data": null,
            "user_data_base64": null,
            "user_data_replace_on_change": false,
            "volume_tags": null,
            "vpc_security_group_ids": [
              "sg-090707b0b7691afb7"
            ]
          },
          "sensitive_attributes": [],
          "identity_schema_version": 0,
          "private": "eyJlMmJmYjczMC1lY2FhLTExZTYtOGY4OC0zNDM2M2JjN2M0YzAiOnsiY3JlYXRlIjo2MDAwMDAwMDAwMDAsImRlbGV0ZSI6MTIwMDAwMDAwMDAwMCwicmVhZCI6OTAwMDAwMDAwMDAwLCJ1cGRhdGUiOjYwMDAwMDAwMDAwMH0sInNjaGVtYV92ZXJzaW9uIjoiMSJ9",
          "dependencies": [
            "aws_key_pair.devops_key",
            "aws_security_group.k8s_sg",
            "aws_subnet.devops_subnet",
            "aws_vpc.devops_vpc",
            "tls_private_key.devops_key"
          ]
        }
      ]
    },
    {
      "mode": "managed",
      "type": "aws_instance",
      "name": "k8s_worker",
      "provider": "provider[\"registry.terraform.io/hashicorp/aws\"]",
      "instances": [
        {
          "schema_version": 1,
          "attributes": {
            "ami": "ami-0c7217cdde317cfec",
            "arn": "arn:aws:ec2:us-east-1:115283375912:instance/i-0931e45fffcafc05e",
            "associate_public_ip_address": true,
            "availability_zone": "us-east-1a",
            "capacity_reservation_specification": [
              {
                "capacity_reservation_preference": "open",
                "capacity_reservation_target": []
              }
            ],
            "cpu_core_count": 1,
            "cpu_options": [
              {
                "amd_sev_snp": "",
                "core_count": 1,
                "threads_per_core": 2
              }
            ],
            "cpu_threads_per_core": 2,
            "credit_specification": [],
            "disable_api_stop": false,
            "disable_api_termination": false,
            "ebs_block_device": [],
            "ebs_optimized": false,
            "enable_primary_ipv6": null,
            "enclave_options": [
              {
                "enabled": false
              }
            ],
            "ephemeral_block_device": [],
            "get_password_data": false,
            "hibernation": false,
            "host_id": "",
            "host_resource_group_arn": null,
            "iam_instance_profile": "",
            "id": "i-0931e45fffcafc05e",
            "instance_initiated_shutdown_behavior": "stop",
            "instance_lifecycle": "",
            "instance_market_options": [],
            "instance_state": "running",
            "instance_type": "c7i-flex.large",
            "ipv6_address_count": 0,
            "ipv6_addresses": [],
            "key_name": "devops-key",
            "launch_template": [],
            "maintenance_options": [
              {
                "auto_recovery": "default"
              }
            ],
            "metadata_options": [
              {
                "http_endpoint": "enabled",
                "http_protocol_ipv6": "disabled",
                "http_put_response_hop_limit": 1,
                "http_tokens": "optional",
                "instance_metadata_tags": "disabled"
              }
            ],
            "monitoring": false,
            "network_interface": [],
            "outpost_arn": "",
            "password_data": "",
            "placement_group": "",
            "placement_partition_number": 0,
            "primary_network_interface_id": "eni-07fabf4f64b65bafc",
            "private_dns": "ip-10-0-1-225.ec2.internal",
            "private_dns_name_options": [
              {
                "enable_resource_name_dns_a_record": false,
                "enable_resource_name_dns_aaaa_record": false,
                "hostname_type": "ip-name"
              }
            ],
            "private_ip": "10.0.1.225",
            "public_dns": "ec2-13-217-224-110.compute-1.amazonaws.com",
            "public_ip": "13.217.224.110",
            "root_block_device": [
              {
                "delete_on_termination": true,
                "device_name": "/dev/sda1",
                "encrypted": false,
                "iops": 100,
                "kms_key_id": "",
                "tags": null,
                "tags_all": {},
                "throughput": 0,
                "volume_id": "vol-070b93b046bc80660",
                "volume_size": 20,
                "volume_type": "gp2"
              }
            ],
            "secondary_private_ips": [],
            "security_groups": [],
            "source_dest_check": true,
            "spot_instance_request_id": "",
            "subnet_id": "subnet-07dd2316f56a5c053",
            "tags": {
              "Name": "k8s-worker",
              "Role": "worker"
            },
            "tags_all": {
              "Name": "k8s-worker",
              "Role": "worker"
            },
            "tenancy": "default",
            "timeouts": null,
            "user_data": null,
            "user_data_base64": null,
            "user_data_replace_on_change": false,
            "volume_tags": null,
            "vpc_security_group_ids": [
              "sg-090707b0b7691afb7"
            ]
          },
          "sensitive_attributes": [],
          "identity_schema_version": 0,
          "private": "eyJlMmJmYjczMC1lY2FhLTExZTYtOGY4OC0zNDM2M2JjN2M0YzAiOnsiY3JlYXRlIjo2MDAwMDAwMDAwMDAsImRlbGV0ZSI6MTIwMDAwMDAwMDAwMCwicmVhZCI6OTAwMDAwMDAwMDAwLCJ1cGRhdGUiOjYwMDAwMDAwMDAwMH0sInNjaGVtYV92ZXJzaW9uIjoiMSJ9",
          "dependencies": [
            "aws_key_pair.devops_key",
            "aws_security_group.k8s_sg",
            "aws_subnet.devops_subnet",
            "aws_vpc.devops_vpc",
            "tls_private_key.devops_key"
          ]
        }
      ]
    },
    {
      "mode": "managed",
      "type": "aws_internet_gateway",
      "name": "devops_igw",
      "provider": "provider[\"registry.terraform.io/hashicorp/aws\"]",
      "instances": [
        {
          "schema_version": 0,
          "attributes": {
            "arn": "arn:aws:ec2:us-east-1:115283375912:internet-gateway/igw-02ed819a5bf9202b5",
            "id": "igw-02ed819a5bf9202b5",
            "owner_id": "115283375912",
            "tags": {
              "Name": "devops-igw"
            },
            "tags_all": {
              "Name": "devops-igw"
            },
            "timeouts": null,
            "vpc_id": "vpc-03e65f0fb906d1343"
          },
          "sensitive_attributes": [],
          "identity_schema_version": 0,
          "private": "eyJlMmJmYjczMC1lY2FhLTExZTYtOGY4OC0zNDM2M2JjN2M0YzAiOnsiY3JlYXRlIjoxMjAwMDAwMDAwMDAwLCJkZWxldGUiOjEyMDAwMDAwMDAwMDAsInVwZGF0ZSI6MTIwMDAwMDAwMDAwMH19",
          "dependencies": [
            "aws_vpc.devops_vpc"
          ]
        }
      ]
    },
    {
      "mode": "managed",
      "type": "aws_key_pair",
      "name": "devops_key",
      "provider": "provider[\"registry.terraform.io/hashicorp/aws\"]",
      "instances": [
        {
          "schema_version": 1,
          "attributes": {
            "arn": "arn:aws:ec2:us-east-1:115283375912:key-pair/devops-key",
            "fingerprint": "f7:cd:c7:67:29:7a:38:74:90:34:d4:d8:ef:9a:6a:fe",
            "id": "devops-key",
            "key_name": "devops-key",
            "key_name_prefix": "",
            "key_pair_id": "key-0f8f27d7875a6f3ba",
            "key_type": "rsa",
            "public_key": "ssh-rsa AAAAB3NzaC1yc2EAAAADAQABAAACAQCo05s5DJCkkAtHcKP4QYAzeh7D+eq38Z4rzBQdWoLacjGKJYn44nLBwEwvYkzRZVXjNeC1AnHUtOiSN5BsFMpGdvjcD/hZmn9NILEjb9wY3g6V+79ZqsTX5la8sFuboq0NxLhC81ibVQOcXIXA2STQfSxtmJTAJ7iotgXfTSJNrtr0ykBG3Nh0OcXOaEQDQXhDCBmPZOCq4cE/ruzXD70W2YPtqY9z8bAbOWREq6W7sg+++3gnpSQnpFdlxYZB0J8pwF6zFIiakzG2TC1xHpBxbsZFWcttHkcykT87IVd4hAPKjko4F8+aOioS8CbAjzM1+z3ZQvfRZhjaJ1CbVEjXnluo5swGJsF6845Qn/Ysjnk5H+/rTAB+0J9bZIgNTDEEvGXnLh2bGs1MMvZMurM/rB/6Ehrbp+NaibUmhX0EkjLabmsjtdeeD9OZXNKUT9F6uJg5rJc+Fbs+H6c//KKtzmh1qbuIy6L1YyL7ij4qtv9diEZaD1Hcdxfg5kzYjVv8PRDg74iMce075+FLAamwyfO82wDw4tKPwm6NLEQ0Vw3DnGgHHKEo00sEuXn1ZuWbJUK4ioeQbtOGOVcJ+zX/fESiuIMN4lAidnI0bLEOT5fjH5/f5FlquBDHtlNX3VR8w77J+pmJpgtwbFWXb+CJPPghI77Q2HDQWHC27QarWw==",
            "tags": null,
            "tags_all": {}
          },
          "sensitive_attributes": [],
          "identity_schema_version": 0,
          "private": "eyJzY2hlbWFfdmVyc2lvbiI6IjEifQ==",
          "dependencies": [
            "tls_private_key.devops_key"
          ]
        }
      ]
    },
    {
      "mode": "managed",
      "type": "aws_route_table",
      "name": "devops_rt",
      "provider": "provider[\"registry.terraform.io/hashicorp/aws\"]",
      "instances": [
        {
          "schema_version": 0,
          "attributes": {
            "arn": "arn:aws:ec2:us-east-1:115283375912:route-table/rtb-0aed2dc0d562d6d77",
            "id": "rtb-0aed2dc0d562d6d77",
            "owner_id": "115283375912",
            "propagating_vgws": [],
            "route": [
              {
                "carrier_gateway_id": "",
                "cidr_block": "0.0.0.0/0",
                "core_network_arn": "",
                "destination_prefix_list_id": "",
                "egress_only_gateway_id": "",
                "gateway_id": "igw-02ed819a5bf9202b5",
                "ipv6_cidr_block": "",
                "local_gateway_id": "",
                "nat_gateway_id": "",
                "network_interface_id": "",
                "transit_gateway_id": "",
                "vpc_endpoint_id": "",
                "vpc_peering_connection_id": ""
              }
            ],
            "tags": {
              "Name": "devops-rt"
            },
            "tags_all": {
              "Name": "devops-rt"
            },
            "timeouts": null,
            "vpc_id": "vpc-03e65f0fb906d1343"
          },
          "sensitive_attributes": [],
          "identity_schema_version": 0,
          "private": "eyJlMmJmYjczMC1lY2FhLTExZTYtOGY4OC0zNDM2M2JjN2M0YzAiOnsiY3JlYXRlIjozMDAwMDAwMDAwMDAsImRlbGV0ZSI6MzAwMDAwMDAwMDAwLCJ1cGRhdGUiOjEyMDAwMDAwMDAwMH19",
          "dependencies": [
            "aws_internet_gateway.devops_igw",
            "aws_vpc.devops_vpc"
          ]
        }
      ]
    },
    {
      "mode": "managed",
      "type": "aws_route_table_association",
      "name": "devops_rta",
      "provider": "provider[\"registry.terraform.io/hashicorp/aws\"]",
      "instances": [
        {
          "schema_version": 0,
          "attributes": {
            "gateway_id": "",
            "id": "rtbassoc-07967f7fe4d5b44cd",
            "route_table_id": "rtb-0aed2dc0d562d6d77",
            "subnet_id": "subnet-07dd2316f56a5c053",
            "timeouts": null
          },
          "sensitive_attributes": [],
          "identity_schema_version": 0,
          "private": "eyJlMmJmYjczMC1lY2FhLTExZTYtOGY4OC0zNDM2M2JjN2M0YzAiOnsiY3JlYXRlIjozMDAwMDAwMDAwMDAsImRlbGV0ZSI6MzAwMDAwMDAwMDAwLCJ1cGRhdGUiOjEyMDAwMDAwMDAwMH19",
          "dependencies": [
            "aws_internet_gateway.devops_igw",
            "aws_route_table.devops_rt",
            "aws_subnet.devops_subnet",
            "aws_vpc.devops_vpc"
          ]
        }
      ]
    },
    {
      "mode": "managed",
      "type": "aws_security_group",
      "name": "k8s_sg",
      "provider": "provider[\"registry.terraform.io/hashicorp/aws\"]",
      "instances": [
        {
          "schema_version": 1,
          "attributes": {
            "arn": "arn:aws:ec2:us-east-1:115283375912:security-group/sg-090707b0b7691afb7",
            "description": "Security group for Kubernetes nodes",
            "egress": [
              {
                "cidr_blocks": [
                  "0.0.0.0/0"
                ],
                "description": "",
                "from_port": 0,
                "ipv6_cidr_blocks": [],
                "prefix_list_ids": [],
                "protocol": "-1",
                "security_groups": [],
                "self": false,
                "to_port": 0
              }
            ],
            "id": "sg-090707b0b7691afb7",
            "ingress": [
              {
                "cidr_blocks": [
                  "0.0.0.0/0"
                ],
                "description": "ArgoCD",
                "from_port": 8080,
                "ipv6_cidr_blocks": [],
                "prefix_list_ids": [],
                "protocol": "tcp",
                "security_groups": [],
                "self": false,
                "to_port": 8080
              },
              {
                "cidr_blocks": [
                  "0.0.0.0/0"
                ],
                "description": "HTTP",
                "from_port": 80,
                "ipv6_cidr_blocks": [],
                "prefix_list_ids": [],
                "protocol": "tcp",
                "security_groups": [],
                "self": false,
                "to_port": 80
              },
              {
                "cidr_blocks": [
                  "0.0.0.0/0"
                ],
                "description": "HTTPS",
                "from_port": 443,
                "ipv6_cidr_blocks": [],
                "prefix_list_ids": [],
                "protocol": "tcp",
                "security_groups": [],
                "self": false,
                "to_port": 443
              },
              {
                "cidr_blocks": [
                  "0.0.0.0/0"
                ],
                "description": "Kubernetes API",
                "from_port": 6443,
                "ipv6_cidr_blocks": [],
                "prefix_list_ids": [],
                "protocol": "tcp",
                "security_groups": [],
                "self": false,
                "to_port": 6443
              },
              {
                "cidr_blocks": [
                  "0.0.0.0/0"
                ],
                "description": "NodePort Services",
                "from_port": 30000,
                "ipv6_cidr_blocks": [],
                "prefix_list_ids": [],
                "protocol": "tcp",
                "security_groups": [],
                "self": false,
                "to_port": 32767
              },
              {
                "cidr_blocks": [
                  "0.0.0.0/0"
                ],
                "description": "SSH",
                "from_port": 22,
                "ipv6_cidr_blocks": [],
                "prefix_list_ids": [],
                "protocol": "tcp",
                "security_groups": [],
                "self": false,
                "to_port": 22
              },
              {
                "cidr_blocks": [
                  "10.0.0.0/16"
                ],
                "description": "Internal cluster traffic",
                "from_port": 0,
                "ipv6_cidr_blocks": [],
                "prefix_list_ids": [],
                "protocol": "-1",
                "security_groups": [],
                "self": false,
                "to_port": 0
              }
            ],
            "name": "k8s-security-group",
            "name_prefix": "",
            "owner_id": "115283375912",
            "revoke_rules_on_delete": false,
            "tags": {
              "Name": "k8s-sg"
            },
            "tags_all": {
              "Name": "k8s-sg"
            },
            "timeouts": null,
            "vpc_id": "vpc-03e65f0fb906d1343"
          },
          "sensitive_attributes": [],
          "identity_schema_version": 0,
          "private": "eyJlMmJmYjczMC1lY2FhLTExZTYtOGY4OC0zNDM2M2JjN2M0YzAiOnsiY3JlYXRlIjo2MDAwMDAwMDAwMDAsImRlbGV0ZSI6OTAwMDAwMDAwMDAwfSwic2NoZW1hX3ZlcnNpb24iOiIxIn0=",
          "dependencies": [
            "aws_vpc.devops_vpc"
          ]
        }
      ]
    },
    {
      "mode": "managed",
      "type": "aws_subnet",
      "name": "devops_subnet",
      "provider": "provider[\"registry.terraform.io/hashicorp/aws\"]",
      "instances": [
        {
          "schema_version": 1,
          "attributes": {
            "arn": "arn:aws:ec2:us-east-1:115283375912:subnet/subnet-07dd2316f56a5c053",
            "assign_ipv6_address_on_creation": false,
            "availability_zone": "us-east-1a",
            "availability_zone_id": "use1-az4",
            "cidr_block": "10.0.1.0/24",
            "customer_owned_ipv4_pool": "",
            "enable_dns64": false,
            "enable_lni_at_device_index": 0,
            "enable_resource_name_dns_a_record_on_launch": false,
            "enable_resource_name_dns_aaaa_record_on_launch": false,
            "id": "subnet-07dd2316f56a5c053",
            "ipv6_cidr_block": "",
            "ipv6_cidr_block_association_id": "",
            "ipv6_native": false,
            "map_customer_owned_ip_on_launch": false,
            "map_public_ip_on_launch": true,
            "outpost_arn": "",
            "owner_id": "115283375912",
            "private_dns_hostname_type_on_launch": "ip-name",
            "tags": {
              "Name": "devops-subnet"
            },
            "tags_all": {
              "Name": "devops-subnet"
            },
            "timeouts": null,
            "vpc_id": "vpc-03e65f0fb906d1343"
          },
          "sensitive_attributes": [],
          "identity_schema_version": 0,
          "private": "eyJlMmJmYjczMC1lY2FhLTExZTYtOGY4OC0zNDM2M2JjN2M0YzAiOnsiY3JlYXRlIjo2MDAwMDAwMDAwMDAsImRlbGV0ZSI6MTIwMDAwMDAwMDAwMH0sInNjaGVtYV92ZXJzaW9uIjoiMSJ9",
          "dependencies": [
            "aws_vpc.devops_vpc"
          ]
        }
      ]
    },
    {
      "mode": "managed",
      "type": "aws_vpc",
      "name": "devops_vpc",
      "provider": "provider[\"registry.terraform.io/hashicorp/aws\"]",
      "instances": [
        {
          "schema_version": 1,
          "attributes": {
            "arn": "arn:aws:ec2:us-east-1:115283375912:vpc/vpc-03e65f0fb906d1343",
            "assign_generated_ipv6_cidr_block": false,
            "cidr_block": "10.0.0.0/16",
            "default_network_acl_id": "acl-0d7486c9394bb5b17",
            "default_route_table_id": "rtb-089bf88bac6e8ecd4",
            "default_security_group_id": "sg-0ad288e0922477151",
            "dhcp_options_id": "dopt-02d817ab8c5adbbdf",
            "enable_dns_hostnames": true,
            "enable_dns_support": true,
            "enable_network_address_usage_metrics": false,
            "id": "vpc-03e65f0fb906d1343",
            "instance_tenancy": "default",
            "ipv4_ipam_pool_id": null,
            "ipv4_netmask_length": null,
            "ipv6_association_id": "",
            "ipv6_cidr_block": "",
            "ipv6_cidr_block_network_border_group": "",
            "ipv6_ipam_pool_id": "",
            "ipv6_netmask_length": 0,
            "main_route_table_id": "rtb-089bf88bac6e8ecd4",
            "owner_id": "115283375912",
            "tags": {
              "Name": "devops-vpc"
            },
            "tags_all": {
              "Name": "devops-vpc"
            }
          },
          "sensitive_attributes": [],
          "identity_schema_version": 0,
          "private": "eyJzY2hlbWFfdmVyc2lvbiI6IjEifQ=="
        }
      ]
    },
    {
      "mode": "managed",
      "type": "local_file",
      "name": "private_key",
      "provider": "provider[\"registry.terraform.io/hashicorp/local\"]",
      "instances": [
        {
          "schema_version": 0,
          "attributes": {
            "content": "-----BEGIN RSA PRIVATE KEY-----\nMIIJKAIBAAKCAgEAqNObOQyQpJALR3Cj+EGAM3oew/nqt/GeK8wUHVqC2nIxiiWJ\n+OJywcBML2JM0WVV4zXgtQJx1LTokjeQbBTKRnb43A/4WZp/TSCxI2/cGN4Olfu/\nWarE1+ZWvLBbm6KtDcS4QvNYm1UDnFyFwNkk0H0sbZiUwCe4qLYF300iTa7a9MpA\nRtzYdDnFzmhEA0F4QwgZj2TgquHBP67s1w+9FtmD7amPc/GwGzlkRKulu7IPvvt4\nJ6UkJ6RXZcWGQdCfKcBesxSImpMxtkwtcR6QcW7GRVnLbR5HMpE/OyFXeIQDyo5K\nOBfPmjoqEvAmwI8zNfs92UL30WYY2idQm1RI155bqObMBibBevOOUJ/2LI55OR/v\n60wAftCfW2SIDUwxBLxl5y4dmxrNTDL2TLqzP6wf+hIa26fjWom1JoV9BJIy2m5r\nI7XXng/TmVzSlE/ReriYOayXPhW7Ph+nP/yirc5odam7iMui9WMi+4o+Krb/XYhG\nWg9R3HcX4OZM2I1b/D0Q4O+IjHHtO+fhSwGpsMnzvNsA8OLSj8JujSxENFcNw5xo\nBxyhKNNLBLl59WblmyVCuIqHkG7ThjlXCfs1/3xEoriDDeJQInZyNGyxDk+X4x+f\n3+RZargQx7ZTV91UfMO+yfqZiaYLcGxVl2/giTz4ISO+0Nhw0Fhwtu0Gq1sCAwEA\nAQKCAgAIL1oohedtUwkjnt5pkXi5sNiqVQTVg4KmSkVKDF1Ttz2XnlegwrnK6EZz\n9abBGtHzK2WINmTLvzRCAoJJ+ygOCoPo3LgEVW0z5rsv0KMxwXJLleJNDUPF2TD+\nAj7ZaNBNs+qLCb6TU/0nfi+DOK6EPSKuSDt4pXRabu4R9BdkVMSLdv1ux2jnGaCc\nGon8Q8Gk3lD+7BEdt8blY4GwBjSmAEhZJA4EZ69LYpjt4LSESQ8NCfwP+qhUvlmj\nttPaKlcicGUm9tPjSpzvuE8WW45ShuBYnxCHFcoLNZIvN7VEmSyQjB16YrfPQ7VO\nfb4jOnjCdo/PvLjEZNgc8NMDn4PN0Xl7Dj2MeKY8IKiJq+EA/xcJtzCdPMHotP9d\nzWgocRBjwx/XbDrQ2aPz8xp0/FxQceEBfKCcX3NSuc2axlDicm2cZjmq4bRm0Ngx\nvH6UAXQ8k+dukPmI5/7P51ZkT/uh1Q1QRxnUDHxQPb2z8Fhe/sQ++1Z3+EctAyQA\nT9U5IKUiPDDsATzYsmKTbyeeLvUAmcWS/KOYV1LoZj+OLMFPvrh1YyiE8/TbXZxA\nbTsyoiZhy4KA4zokYBs4oOx74DEh0zaKaejgWKqaQRW+e/kBAxP4ayhS/cnU7rnC\n0RRcqRPkicfo1Lr9/tEFtF6cmqCivZ+kS9N3Y3AAmkx+3eidYQKCAQEA3P5WmCK7\nIKPWk9QOUJUI96Fzo3Xfh71309m9w9jZO44HdgFTMmNlXpF0UFjgLExS3wr1U8E5\nDlyuNquNeR835vYG1tTOr06e0Oll279ECpAY29scQeYB65uK03yuwDo/UdFzHUa8\nAyy0jT+FE9Gkj65dDFQNnupArA6qP7fUmBnB7SdZD2ElvaEsPr3IY1OqA3sDEPp2\nzrM8y7PdgdQ7I8gTxKZGjSsFH+Kp7cl6Z7WkvvvHsOZEIUrSoCBTXiETYmPqLkyz\nP7ZQshSVj9toIkxK5vjzOOErrV77lTxGki9yMrJLuOfOjUgL9XuWQKTsHXTsycCg\nSii6Rv4DekCUBQKCAQEAw5HPlyBRuN9Ff0H3nUOGoUK0VUr1T6oKMN5QN61V6eVQ\nJAxIPbjw8eIDXKx07GdlsgA6imapJdnck3eqIr0iPJUee31R2nCtLZdhpIBP8hY/\nXd2uaUmhc/MExPHfroAiX3A6l6yEFT5VFMq5+hrupIfdLIxMU0DUpolPsdiCknU9\nGyAyFPCQjjgKXV8GVQdRUkZH89JLpkjQPRkUuupLDrr9OLfAoSYNljfZHlTbCTQo\nF/A29+U5beb2uqQ5nu8o/BdFO9js08erp8pDu65AVDZdUFVtvCl/WJPO6Iq7/MkP\nexj1jqBuI+hOONciEJ+gRXUVkAxTc13IiO0ulN6/3wKCAQBn7SQD/7FItEPg2USy\nGKRS8BZVtMUeLLgBZNCdHYlrPGu9zvm1JJEzW+v7LRCfRHVkdt7QOHoAiw1SoHKz\nlz7O2rx0ozdfsfV2AYzpPpVc8k7+dZhgVS5qAofS1TvJIptMetdL2Uvpokh2dHy8\nyUY+W51egti09yzavTrLJERSEyrjwDFdzi3Vc8o+5zkpnNrDMEJM5byhkCDzGu78\nczYsqZbCT/+1u5l5WTrYnHt38jA7sGREiMVZcrqCmzEZfyyChMJIa8GQIMjqNkvv\njxr1pjNDU6fuA9ZqfdSKZgI6FR37QWXi2wCD6HHXS/tpAyYW5DnG11OKDIUthZ9V\nCrGRAoIBAQCMWsb7FOzRmxtLW1KUAPRMI408cVFg3Q33SHWVn8a62CIN3OqzsVjq\nn2P+TJ6VUxd/Cf75ePgH/DT7eLQXvlkl1XdM9QGbnaYLxEsFPjkh6qmLeh9D3N4M\nUuqnVVdM6xTAHdFPLTaV8GgrRdr3DgEa/47R+9aDIVH8OyuA3XvIFG/IWfDXala0\nWq/Flv76YwgP3fShndlA+5zHXIquIpu/dJ9q5yVOAftaRbaCuC+CiXYEyBcLDe2L\nXGjSRi48TDPDyAeeDe7ZhsFA6D54IXR1e5a4orbghX+pWFr0NSz5HGsJ0z3YIHcr\nOft5e5wtBgKGFqNlABOcBkB3VJFLshlNAoIBABSh3BiPADcsJdK2TMxNnjSaeXX8\nGpJITZ9eoMf3w3J6WCQRnDcHNxOnxZKp7Rg3WdMQugtdrwJP3sZcCF6+0/JJMfo7\nMMg+QMCVrVj6RtzlFTFZO+NWTyGYCV4ge6avUO2Ic9CztBdiJYad8fgqCkrNWkwy\nPe0IGAt+TLmymv3MR2LPqUOplEKSZ6DW2Xxs3DNa3L5D5lHn3pfAuYBgAsjTt7Kb\nAa93mW0NZvdhrQvLOqTl+wmWHB5qRqmCD0KkQBRfwQDn2MK/uZB50QkeKd4jT30O\nzfFUijGXHq8Cc0elsmcgbnpgreH18Xg5n0aYCTGH0edCogusttdEo5iKDj0=\n-----END RSA PRIVATE KEY-----\n",
            "content_base64": null,
            "content_base64sha256": "++Hov+fWBlUKh1Ga2t9y4gUYRehJXfM0o7JATQP8z+E=",
            "content_base64sha512": "k//snHUWPTzYt9BR3l6yZf69kuLN2sGvHDttZtpIZhjqECXpDfximUxZ8KFRcA28o+869f5Ghu1nv9fkefSdoA==",
            "content_md5": "20c34b964090a3c636c9d63075556fc6",
            "content_sha1": "bf7d808a26c8ee7d0777949925aedbb75366df82",
            "content_sha256": "fbe1e8bfe7d606550a87519adadf72e2051845e8495df334a3b2404d03fccfe1",
            "content_sha512": "93ffec9c75163d3cd8b7d051de5eb265febd92e2cddac1af1c3b6d66da486618ea1025e90dfc62994c59f0a151700dbca3ef3af5fe4686ed67bfd7e479f49da0",
            "directory_permission": "0777",
            "file_permission": "0400",
            "filename": "./devops-key.pem",
            "id": "bf7d808a26c8ee7d0777949925aedbb75366df82",
            "sensitive_content": null,
            "source": null
          },
          "sensitive_attributes": [
            [
              {
                "type": "get_attr",
                "value": "content"
              }
            ],
            [
              {
                "type": "get_attr",
                "value": "sensitive_content"
              }
            ]
          ],
          "identity_schema_version": 0,
          "dependencies": [
            "tls_private_key.devops_key"
          ]
        }
      ]
    },
    {
      "mode": "managed",
      "type": "tls_private_key",
      "name": "devops_key",
      "provider": "provider[\"registry.terraform.io/hashicorp/tls\"]",
      "instances": [
        {
          "schema_version": 1,
          "attributes": {
            "algorithm": "RSA",
            "ecdsa_curve": "P224",
            "id": "f428c6e5148ab5b37ae25c9a841f0c10c3ca8a86",
            "private_key_openssh": "-----BEGIN OPENSSH PRIVATE KEY-----\nb3BlbnNzaC1rZXktdjEAAAAABG5vbmUAAAAEbm9uZQAAAAAAAAABAAACFwAAAAdz\nc2gtcnNhAAAAAwEAAQAAAgEAqNObOQyQpJALR3Cj+EGAM3oew/nqt/GeK8wUHVqC\n2nIxiiWJ+OJywcBML2JM0WVV4zXgtQJx1LTokjeQbBTKRnb43A/4WZp/TSCxI2/c\nGN4Olfu/WarE1+ZWvLBbm6KtDcS4QvNYm1UDnFyFwNkk0H0sbZiUwCe4qLYF300i\nTa7a9MpARtzYdDnFzmhEA0F4QwgZj2TgquHBP67s1w+9FtmD7amPc/GwGzlkRKul\nu7IPvvt4J6UkJ6RXZcWGQdCfKcBesxSImpMxtkwtcR6QcW7GRVnLbR5HMpE/OyFX\neIQDyo5KOBfPmjoqEvAmwI8zNfs92UL30WYY2idQm1RI155bqObMBibBevOOUJ/2\nLI55OR/v60wAftCfW2SIDUwxBLxl5y4dmxrNTDL2TLqzP6wf+hIa26fjWom1JoV9\nBJIy2m5rI7XXng/TmVzSlE/ReriYOayXPhW7Ph+nP/yirc5odam7iMui9WMi+4o+\nKrb/XYhGWg9R3HcX4OZM2I1b/D0Q4O+IjHHtO+fhSwGpsMnzvNsA8OLSj8JujSxE\nNFcNw5xoBxyhKNNLBLl59WblmyVCuIqHkG7ThjlXCfs1/3xEoriDDeJQInZyNGyx\nDk+X4x+f3+RZargQx7ZTV91UfMO+yfqZiaYLcGxVl2/giTz4ISO+0Nhw0Fhwtu0G\nq1sAAAc4726xwu9uscIAAAAHc3NoLXJzYQAAAgEAqNObOQyQpJALR3Cj+EGAM3oe\nw/nqt/GeK8wUHVqC2nIxiiWJ+OJywcBML2JM0WVV4zXgtQJx1LTokjeQbBTKRnb4\n3A/4WZp/TSCxI2/cGN4Olfu/WarE1+ZWvLBbm6KtDcS4QvNYm1UDnFyFwNkk0H0s\nbZiUwCe4qLYF300iTa7a9MpARtzYdDnFzmhEA0F4QwgZj2TgquHBP67s1w+9FtmD\n7amPc/GwGzlkRKulu7IPvvt4J6UkJ6RXZcWGQdCfKcBesxSImpMxtkwtcR6QcW7G\nRVnLbR5HMpE/OyFXeIQDyo5KOBfPmjoqEvAmwI8zNfs92UL30WYY2idQm1RI155b\nqObMBibBevOOUJ/2LI55OR/v60wAftCfW2SIDUwxBLxl5y4dmxrNTDL2TLqzP6wf\n+hIa26fjWom1JoV9BJIy2m5rI7XXng/TmVzSlE/ReriYOayXPhW7Ph+nP/yirc5o\ndam7iMui9WMi+4o+Krb/XYhGWg9R3HcX4OZM2I1b/D0Q4O+IjHHtO+fhSwGpsMnz\nvNsA8OLSj8JujSxENFcNw5xoBxyhKNNLBLl59WblmyVCuIqHkG7ThjlXCfs1/3xE\noriDDeJQInZyNGyxDk+X4x+f3+RZargQx7ZTV91UfMO+yfqZiaYLcGxVl2/giTz4\nISO+0Nhw0Fhwtu0Gq1sAAAADAQABAAACAAgvWiiF521TCSOe3mmReLmw2KpVBNWD\ngqZKRUoMXVO3PZeeV6DCucroRnP1psEa0fMrZYg2ZMu/NEICgkn7KA4Kg+jcuARV\nbTPmuy/QozHBckuV4k0NQ8XZMP4CPtlo0E2z6osJvpNT/Sd+L4M4roQ9Iq5IO3il\ndFpu7hH0F2RUxIt2/W7HaOcZoJwaifxDwaTeUP7sER23xuVjgbAGNKYASFkkDgRn\nr0timO3gtIRJDw0J/A/6qFS+WaO209oqVyJwZSb20+NKnO+4TxZbjlKG4FifEIcV\nygs1ki83tUSZLJCMHXpit89DtU59viM6eMJ2j8+8uMRk2Bzw0wOfg83ReXsOPYx4\npjwgqImr4QD/Fwm3MJ08wei0/13NaChxEGPDH9dsOtDZo/PzGnT8XFBx4QF8oJxf\nc1K5zZrGUOJybZxmOarhtGbQ2DG8fpQBdDyT526Q+Yjn/s/nVmRP+6HVDVBHGdQM\nfFA9vbPwWF7+xD77Vnf4Ry0DJABP1TkgpSI8MOwBPNiyYpNvJ54u9QCZxZL8o5hX\nUuhmP44swU++uHVjKITz9NtdnEBtOzKiJmHLgoDjOiRgGzig7HvgMSHTNopp6OBY\nqppBFb57+QEDE/hrKFL9ydTuucLRFFypE+SJx+jUuv3+0QW0XpyaoKK9n6RL03dj\ncACaTH7d6J1hAAABABSh3BiPADcsJdK2TMxNnjSaeXX8GpJITZ9eoMf3w3J6WCQR\nnDcHNxOnxZKp7Rg3WdMQugtdrwJP3sZcCF6+0/JJMfo7MMg+QMCVrVj6RtzlFTFZ\nO+NWTyGYCV4ge6avUO2Ic9CztBdiJYad8fgqCkrNWkwyPe0IGAt+TLmymv3MR2LP\nqUOplEKSZ6DW2Xxs3DNa3L5D5lHn3pfAuYBgAsjTt7KbAa93mW0NZvdhrQvLOqTl\n+wmWHB5qRqmCD0KkQBRfwQDn2MK/uZB50QkeKd4jT30OzfFUijGXHq8Cc0elsmcg\nbnpgreH18Xg5n0aYCTGH0edCogusttdEo5iKDj0AAAEBANz+VpgiuyCj1pPUDlCV\nCPehc6N134e9d9PZvcPY2TuOB3YBUzJjZV6RdFBY4CxMUt8K9VPBOQ5crjarjXkf\nN+b2BtbUzq9OntDpZdu/RAqQGNvbHEHmAeubitN8rsA6P1HRcx1GvAMstI0/hRPR\npI+uXQxUDZ7qQKwOqj+31JgZwe0nWQ9hJb2hLD69yGNTqgN7AxD6ds6zPMuz3YHU\nOyPIE8SmRo0rBR/iqe3Jeme1pL77x7DmRCFK0qAgU14hE2Jj6i5Msz+2ULIUlY/b\naCJMSub48zjhK61e+5U8RpIvcjKyS7jnzo1IC/V7lkCk7B107MnAoEooukb+A3pA\nlAUAAAEBAMORz5cgUbjfRX9B951DhqFCtFVK9U+qCjDeUDetVenlUCQMSD248PHi\nA1ysdOxnZbIAOopmqSXZ3JN3qiK9IjyVHnt9UdpwrS2XYaSAT/IWP13drmlJoXPz\nBMTx366AIl9wOpeshBU+VRTKufoa7qSH3SyMTFNA1KaJT7HYgpJ1PRsgMhTwkI44\nCl1fBlUHUVJGR/PSS6ZI0D0ZFLrqSw66/Ti3wKEmDZY32R5U2wk0KBfwNvflOW3m\n9rqkOZ7vKPwXRTvY7NPHq6fKQ7uuQFQ2XVBVbbwpf1iTzuiKu/zJD3sY9Y6gbiPo\nTjjXIhCfoEV1FZAMU3NdyIjtLpTev98AAAAAAQID\n-----END OPENSSH PRIVATE KEY-----\n",
            "private_key_pem": "-----BEGIN RSA PRIVATE KEY-----\nMIIJKAIBAAKCAgEAqNObOQyQpJALR3Cj+EGAM3oew/nqt/GeK8wUHVqC2nIxiiWJ\n+OJywcBML2JM0WVV4zXgtQJx1LTokjeQbBTKRnb43A/4WZp/TSCxI2/cGN4Olfu/\nWarE1+ZWvLBbm6KtDcS4QvNYm1UDnFyFwNkk0H0sbZiUwCe4qLYF300iTa7a9MpA\nRtzYdDnFzmhEA0F4QwgZj2TgquHBP67s1w+9FtmD7amPc/GwGzlkRKulu7IPvvt4\nJ6UkJ6RXZcWGQdCfKcBesxSImpMxtkwtcR6QcW7GRVnLbR5HMpE/OyFXeIQDyo5K\nOBfPmjoqEvAmwI8zNfs92UL30WYY2idQm1RI155bqObMBibBevOOUJ/2LI55OR/v\n60wAftCfW2SIDUwxBLxl5y4dmxrNTDL2TLqzP6wf+hIa26fjWom1JoV9BJIy2m5r\nI7XXng/TmVzSlE/ReriYOayXPhW7Ph+nP/yirc5odam7iMui9WMi+4o+Krb/XYhG\nWg9R3HcX4OZM2I1b/D0Q4O+IjHHtO+fhSwGpsMnzvNsA8OLSj8JujSxENFcNw5xo\nBxyhKNNLBLl59WblmyVCuIqHkG7ThjlXCfs1/3xEoriDDeJQInZyNGyxDk+X4x+f\n3+RZargQx7ZTV91UfMO+yfqZiaYLcGxVl2/giTz4ISO+0Nhw0Fhwtu0Gq1sCAwEA\nAQKCAgAIL1oohedtUwkjnt5pkXi5sNiqVQTVg4KmSkVKDF1Ttz2XnlegwrnK6EZz\n9abBGtHzK2WINmTLvzRCAoJJ+ygOCoPo3LgEVW0z5rsv0KMxwXJLleJNDUPF2TD+\nAj7ZaNBNs+qLCb6TU/0nfi+DOK6EPSKuSDt4pXRabu4R9BdkVMSLdv1ux2jnGaCc\nGon8Q8Gk3lD+7BEdt8blY4GwBjSmAEhZJA4EZ69LYpjt4LSESQ8NCfwP+qhUvlmj\nttPaKlcicGUm9tPjSpzvuE8WW45ShuBYnxCHFcoLNZIvN7VEmSyQjB16YrfPQ7VO\nfb4jOnjCdo/PvLjEZNgc8NMDn4PN0Xl7Dj2MeKY8IKiJq+EA/xcJtzCdPMHotP9d\nzWgocRBjwx/XbDrQ2aPz8xp0/FxQceEBfKCcX3NSuc2axlDicm2cZjmq4bRm0Ngx\nvH6UAXQ8k+dukPmI5/7P51ZkT/uh1Q1QRxnUDHxQPb2z8Fhe/sQ++1Z3+EctAyQA\nT9U5IKUiPDDsATzYsmKTbyeeLvUAmcWS/KOYV1LoZj+OLMFPvrh1YyiE8/TbXZxA\nbTsyoiZhy4KA4zokYBs4oOx74DEh0zaKaejgWKqaQRW+e/kBAxP4ayhS/cnU7rnC\n0RRcqRPkicfo1Lr9/tEFtF6cmqCivZ+kS9N3Y3AAmkx+3eidYQKCAQEA3P5WmCK7\nIKPWk9QOUJUI96Fzo3Xfh71309m9w9jZO44HdgFTMmNlXpF0UFjgLExS3wr1U8E5\nDlyuNquNeR835vYG1tTOr06e0Oll279ECpAY29scQeYB65uK03yuwDo/UdFzHUa8\nAyy0jT+FE9Gkj65dDFQNnupArA6qP7fUmBnB7SdZD2ElvaEsPr3IY1OqA3sDEPp2\nzrM8y7PdgdQ7I8gTxKZGjSsFH+Kp7cl6Z7WkvvvHsOZEIUrSoCBTXiETYmPqLkyz\nP7ZQshSVj9toIkxK5vjzOOErrV77lTxGki9yMrJLuOfOjUgL9XuWQKTsHXTsycCg\nSii6Rv4DekCUBQKCAQEAw5HPlyBRuN9Ff0H3nUOGoUK0VUr1T6oKMN5QN61V6eVQ\nJAxIPbjw8eIDXKx07GdlsgA6imapJdnck3eqIr0iPJUee31R2nCtLZdhpIBP8hY/\nXd2uaUmhc/MExPHfroAiX3A6l6yEFT5VFMq5+hrupIfdLIxMU0DUpolPsdiCknU9\nGyAyFPCQjjgKXV8GVQdRUkZH89JLpkjQPRkUuupLDrr9OLfAoSYNljfZHlTbCTQo\nF/A29+U5beb2uqQ5nu8o/BdFO9js08erp8pDu65AVDZdUFVtvCl/WJPO6Iq7/MkP\nexj1jqBuI+hOONciEJ+gRXUVkAxTc13IiO0ulN6/3wKCAQBn7SQD/7FItEPg2USy\nGKRS8BZVtMUeLLgBZNCdHYlrPGu9zvm1JJEzW+v7LRCfRHVkdt7QOHoAiw1SoHKz\nlz7O2rx0ozdfsfV2AYzpPpVc8k7+dZhgVS5qAofS1TvJIptMetdL2Uvpokh2dHy8\nyUY+W51egti09yzavTrLJERSEyrjwDFdzi3Vc8o+5zkpnNrDMEJM5byhkCDzGu78\nczYsqZbCT/+1u5l5WTrYnHt38jA7sGREiMVZcrqCmzEZfyyChMJIa8GQIMjqNkvv\njxr1pjNDU6fuA9ZqfdSKZgI6FR37QWXi2wCD6HHXS/tpAyYW5DnG11OKDIUthZ9V\nCrGRAoIBAQCMWsb7FOzRmxtLW1KUAPRMI408cVFg3Q33SHWVn8a62CIN3OqzsVjq\nn2P+TJ6VUxd/Cf75ePgH/DT7eLQXvlkl1XdM9QGbnaYLxEsFPjkh6qmLeh9D3N4M\nUuqnVVdM6xTAHdFPLTaV8GgrRdr3DgEa/47R+9aDIVH8OyuA3XvIFG/IWfDXala0\nWq/Flv76YwgP3fShndlA+5zHXIquIpu/dJ9q5yVOAftaRbaCuC+CiXYEyBcLDe2L\nXGjSRi48TDPDyAeeDe7ZhsFA6D54IXR1e5a4orbghX+pWFr0NSz5HGsJ0z3YIHcr\nOft5e5wtBgKGFqNlABOcBkB3VJFLshlNAoIBABSh3BiPADcsJdK2TMxNnjSaeXX8\nGpJITZ9eoMf3w3J6WCQRnDcHNxOnxZKp7Rg3WdMQugtdrwJP3sZcCF6+0/JJMfo7\nMMg+QMCVrVj6RtzlFTFZO+NWTyGYCV4ge6avUO2Ic9CztBdiJYad8fgqCkrNWkwy\nPe0IGAt+TLmymv3MR2LPqUOplEKSZ6DW2Xxs3DNa3L5D5lHn3pfAuYBgAsjTt7Kb\nAa93mW0NZvdhrQvLOqTl+wmWHB5qRqmCD0KkQBRfwQDn2MK/uZB50QkeKd4jT30O\nzfFUijGXHq8Cc0elsmcgbnpgreH18Xg5n0aYCTGH0edCogusttdEo5iKDj0=\n-----END RSA PRIVATE KEY-----\n",
            "private_key_pem_pkcs8": "-----BEGIN PRIVATE KEY-----\nMIIJQgIBADANBgkqhkiG9w0BAQEFAASCCSwwggkoAgEAAoICAQCo05s5DJCkkAtH\ncKP4QYAzeh7D+eq38Z4rzBQdWoLacjGKJYn44nLBwEwvYkzRZVXjNeC1AnHUtOiS\nN5BsFMpGdvjcD/hZmn9NILEjb9wY3g6V+79ZqsTX5la8sFuboq0NxLhC81ibVQOc\nXIXA2STQfSxtmJTAJ7iotgXfTSJNrtr0ykBG3Nh0OcXOaEQDQXhDCBmPZOCq4cE/\nruzXD70W2YPtqY9z8bAbOWREq6W7sg+++3gnpSQnpFdlxYZB0J8pwF6zFIiakzG2\nTC1xHpBxbsZFWcttHkcykT87IVd4hAPKjko4F8+aOioS8CbAjzM1+z3ZQvfRZhja\nJ1CbVEjXnluo5swGJsF6845Qn/Ysjnk5H+/rTAB+0J9bZIgNTDEEvGXnLh2bGs1M\nMvZMurM/rB/6Ehrbp+NaibUmhX0EkjLabmsjtdeeD9OZXNKUT9F6uJg5rJc+Fbs+\nH6c//KKtzmh1qbuIy6L1YyL7ij4qtv9diEZaD1Hcdxfg5kzYjVv8PRDg74iMce07\n5+FLAamwyfO82wDw4tKPwm6NLEQ0Vw3DnGgHHKEo00sEuXn1ZuWbJUK4ioeQbtOG\nOVcJ+zX/fESiuIMN4lAidnI0bLEOT5fjH5/f5FlquBDHtlNX3VR8w77J+pmJpgtw\nbFWXb+CJPPghI77Q2HDQWHC27QarWwIDAQABAoICAAgvWiiF521TCSOe3mmReLmw\n2KpVBNWDgqZKRUoMXVO3PZeeV6DCucroRnP1psEa0fMrZYg2ZMu/NEICgkn7KA4K\ng+jcuARVbTPmuy/QozHBckuV4k0NQ8XZMP4CPtlo0E2z6osJvpNT/Sd+L4M4roQ9\nIq5IO3ildFpu7hH0F2RUxIt2/W7HaOcZoJwaifxDwaTeUP7sER23xuVjgbAGNKYA\nSFkkDgRnr0timO3gtIRJDw0J/A/6qFS+WaO209oqVyJwZSb20+NKnO+4TxZbjlKG\n4FifEIcVygs1ki83tUSZLJCMHXpit89DtU59viM6eMJ2j8+8uMRk2Bzw0wOfg83R\neXsOPYx4pjwgqImr4QD/Fwm3MJ08wei0/13NaChxEGPDH9dsOtDZo/PzGnT8XFBx\n4QF8oJxfc1K5zZrGUOJybZxmOarhtGbQ2DG8fpQBdDyT526Q+Yjn/s/nVmRP+6HV\nDVBHGdQMfFA9vbPwWF7+xD77Vnf4Ry0DJABP1TkgpSI8MOwBPNiyYpNvJ54u9QCZ\nxZL8o5hXUuhmP44swU++uHVjKITz9NtdnEBtOzKiJmHLgoDjOiRgGzig7HvgMSHT\nNopp6OBYqppBFb57+QEDE/hrKFL9ydTuucLRFFypE+SJx+jUuv3+0QW0XpyaoKK9\nn6RL03djcACaTH7d6J1hAoIBAQDc/laYIrsgo9aT1A5QlQj3oXOjdd+HvXfT2b3D\n2Nk7jgd2AVMyY2VekXRQWOAsTFLfCvVTwTkOXK42q415Hzfm9gbW1M6vTp7Q6WXb\nv0QKkBjb2xxB5gHrm4rTfK7AOj9R0XMdRrwDLLSNP4UT0aSPrl0MVA2e6kCsDqo/\nt9SYGcHtJ1kPYSW9oSw+vchjU6oDewMQ+nbOszzLs92B1DsjyBPEpkaNKwUf4qnt\nyXpntaS++8ew5kQhStKgIFNeIRNiY+ouTLM/tlCyFJWP22giTErm+PM44SutXvuV\nPEaSL3Iysku4586NSAv1e5ZApOwddOzJwKBKKLpG/gN6QJQFAoIBAQDDkc+XIFG4\n30V/QfedQ4ahQrRVSvVPqgow3lA3rVXp5VAkDEg9uPDx4gNcrHTsZ2WyADqKZqkl\n2dyTd6oivSI8lR57fVHacK0tl2GkgE/yFj9d3a5pSaFz8wTE8d+ugCJfcDqXrIQV\nPlUUyrn6Gu6kh90sjExTQNSmiU+x2IKSdT0bIDIU8JCOOApdXwZVB1FSRkfz0kum\nSNA9GRS66ksOuv04t8ChJg2WN9keVNsJNCgX8Db35Tlt5va6pDme7yj8F0U72OzT\nx6unykO7rkBUNl1QVW28KX9Yk87oirv8yQ97GPWOoG4j6E441yIQn6BFdRWQDFNz\nXciI7S6U3r/fAoIBAGftJAP/sUi0Q+DZRLIYpFLwFlW0xR4suAFk0J0diWs8a73O\n+bUkkTNb6/stEJ9EdWR23tA4egCLDVKgcrOXPs7avHSjN1+x9XYBjOk+lVzyTv51\nmGBVLmoCh9LVO8kim0x610vZS+miSHZ0fLzJRj5bnV6C2LT3LNq9OsskRFITKuPA\nMV3OLdVzyj7nOSmc2sMwQkzlvKGQIPMa7vxzNiyplsJP/7W7mXlZOtice3fyMDuw\nZESIxVlyuoKbMRl/LIKEwkhrwZAgyOo2S++PGvWmM0NTp+4D1mp91IpmAjoVHftB\nZeLbAIPocddL+2kDJhbkOcbXU4oMhS2Fn1UKsZECggEBAIxaxvsU7NGbG0tbUpQA\n9EwjjTxxUWDdDfdIdZWfxrrYIg3c6rOxWOqfY/5MnpVTF38J/vl4+Af8NPt4tBe+\nWSXVd0z1AZudpgvESwU+OSHqqYt6H0Pc3gxS6qdVV0zrFMAd0U8tNpXwaCtF2vcO\nARr/jtH71oMhUfw7K4Dde8gUb8hZ8NdqVrRar8WW/vpjCA/d9KGd2UD7nMdciq4i\nm790n2rnJU4B+1pFtoK4L4KJdgTIFwsN7YtcaNJGLjxMM8PIB54N7tmGwUDoPngh\ndHV7lriituCFf6lYWvQ1LPkcawnTPdggdys5+3l7nC0GAoYWo2UAE5wGQHdUkUuy\nGU0CggEAFKHcGI8ANywl0rZMzE2eNJp5dfwakkhNn16gx/fDcnpYJBGcNwc3E6fF\nkqntGDdZ0xC6C12vAk/exlwIXr7T8kkx+jswyD5AwJWtWPpG3OUVMVk741ZPIZgJ\nXiB7pq9Q7Yhz0LO0F2Ilhp3x+CoKSs1aTDI97QgYC35MubKa/cxHYs+pQ6mUQpJn\noNbZfGzcM1rcvkPmUefel8C5gGACyNO3spsBr3eZbQ1m92GtC8s6pOX7CZYcHmpG\nqYIPQqRAFF/BAOfYwr+5kHnRCR4p3iNPfQ7N8VSKMZcerwJzR6WyZyBuemCt4fXx\neDmfRpgJMYfR50KiC6y210SjmIoOPQ==\n-----END PRIVATE KEY-----\n",
            "public_key_fingerprint_md5": "81:47:43:e8:95:d6:ea:9b:c1:9d:02:39:de:66:3a:14",
            "public_key_fingerprint_sha256": "SHA256:qnIYFEcA7UDyPjaNMxseGu5Hc33hWQhgIWrUwzeZ5r0",
            "public_key_openssh": "ssh-rsa AAAAB3NzaC1yc2EAAAADAQABAAACAQCo05s5DJCkkAtHcKP4QYAzeh7D+eq38Z4rzBQdWoLacjGKJYn44nLBwEwvYkzRZVXjNeC1AnHUtOiSN5BsFMpGdvjcD/hZmn9NILEjb9wY3g6V+79ZqsTX5la8sFuboq0NxLhC81ibVQOcXIXA2STQfSxtmJTAJ7iotgXfTSJNrtr0ykBG3Nh0OcXOaEQDQXhDCBmPZOCq4cE/ruzXD70W2YPtqY9z8bAbOWREq6W7sg+++3gnpSQnpFdlxYZB0J8pwF6zFIiakzG2TC1xHpBxbsZFWcttHkcykT87IVd4hAPKjko4F8+aOioS8CbAjzM1+z3ZQvfRZhjaJ1CbVEjXnluo5swGJsF6845Qn/Ysjnk5H+/rTAB+0J9bZIgNTDEEvGXnLh2bGs1MMvZMurM/rB/6Ehrbp+NaibUmhX0EkjLabmsjtdeeD9OZXNKUT9F6uJg5rJc+Fbs+H6c//KKtzmh1qbuIy6L1YyL7ij4qtv9diEZaD1Hcdxfg5kzYjVv8PRDg74iMce075+FLAamwyfO82wDw4tKPwm6NLEQ0Vw3DnGgHHKEo00sEuXn1ZuWbJUK4ioeQbtOGOVcJ+zX/fESiuIMN4lAidnI0bLEOT5fjH5/f5FlquBDHtlNX3VR8w77J+pmJpgtwbFWXb+CJPPghI77Q2HDQWHC27QarWw==\n",
            "public_key_pem": "-----BEGIN PUBLIC KEY-----\nMIICIjANBgkqhkiG9w0BAQEFAAOCAg8AMIICCgKCAgEAqNObOQyQpJALR3Cj+EGA\nM3oew/nqt/GeK8wUHVqC2nIxiiWJ+OJywcBML2JM0WVV4zXgtQJx1LTokjeQbBTK\nRnb43A/4WZp/TSCxI2/cGN4Olfu/WarE1+ZWvLBbm6KtDcS4QvNYm1UDnFyFwNkk\n0H0sbZiUwCe4qLYF300iTa7a9MpARtzYdDnFzmhEA0F4QwgZj2TgquHBP67s1w+9\nFtmD7amPc/GwGzlkRKulu7IPvvt4J6UkJ6RXZcWGQdCfKcBesxSImpMxtkwtcR6Q\ncW7GRVnLbR5HMpE/OyFXeIQDyo5KOBfPmjoqEvAmwI8zNfs92UL30WYY2idQm1RI\n155bqObMBibBevOOUJ/2LI55OR/v60wAftCfW2SIDUwxBLxl5y4dmxrNTDL2TLqz\nP6wf+hIa26fjWom1JoV9BJIy2m5rI7XXng/TmVzSlE/ReriYOayXPhW7Ph+nP/yi\nrc5odam7iMui9WMi+4o+Krb/XYhGWg9R3HcX4OZM2I1b/D0Q4O+IjHHtO+fhSwGp\nsMnzvNsA8OLSj8JujSxENFcNw5xoBxyhKNNLBLl59WblmyVCuIqHkG7ThjlXCfs1\n/3xEoriDDeJQInZyNGyxDk+X4x+f3+RZargQx7ZTV91UfMO+yfqZiaYLcGxVl2/g\niTz4ISO+0Nhw0Fhwtu0Gq1sCAwEAAQ==\n-----END PUBLIC KEY-----\n",
            "rsa_bits": 4096
          },
          "sensitive_attributes": [
            [
              {
                "type": "get_attr",
                "value": "private_key_openssh"
              }
            ],
            [
              {
                "type": "get_attr",
                "value": "private_key_pem"
              }
            ],
            [
              {
                "type": "get_attr",
                "value": "private_key_pem_pkcs8"
              }
            ]
          ],
          "identity_schema_version": 0
        }
      ]
    }
  ],
  "check_results": null
}
